Microsoft Visual Studio Solution File, Format Version 12.00
# Visual Studio Version 17
VisualStudioVersion = 17.5.2.0
MinimumVisualStudioVersion = 10.0.40219.1
Project("{FAE04EC0-301F-11D3-BF4B-00C04F79EFBC}") = "BDF", "BDF.csproj", "{75A16B2B-938C-44C4-BA0B-9A0772DD8630}"
EndProject
Global
	GlobalSection(SolutionConfigurationPlatforms) = preSolution
		Debug|Any CPU = Debug|Any CPU
		Release|Any CPU = Release|Any CPU
	EndGlobalSection
	GlobalSection(ProjectConfigurationPlatforms) = postSolution
		{75A16B2B-938C-44C4-BA0B-9A0772DD8630}.Debug|Any CPU.ActiveCfg = Debug|Any CPU
		{75A16B2B-938C-44C4-BA0B-9A0772DD8630}.Debug|Any CPU.Build.0 = Debug|Any CPU
		{75A16B2B-938C-44C4-BA0B-9A0772DD8630}.Release|Any CPU.ActiveCfg = Release|Any CPU
		{75A16B2B-938C-44C4-BA0B-9A0772DD8630}.Release|Any CPU.Build.0 = Release|Any CPU
	EndGlobalSection
	GlobalSection(SolutionProperties) = preSolution
		HideSolutionNode = FALSE
	EndGlobalSection
	GlobalSection(ExtensibilityGlobals) = postSolution
		SolutionGuid = {F026C253-7CA7-4AED-8206-64D707BEE9AE}
	EndGlobalSection
EndGlobal
